<?xml version="1.0" encoding="utf-8"?>
<Project ToolsVersion="4.0" xmlns="http://schemas.microsoft.com/developer/msbuild/2003">
  <ItemGroup>
    <Filter Include="Source Files">
      <UniqueIdentifier>{cbffd810-3f71-46dc-9c34-74358dc14de8}</UniqueIdentifier>
      <Extensions>cpp;c;cxx;rc;def;r;odl;idl;hpj;bat</Extensions>
    </Filter>
    <Filter Include="Header Files">
      <UniqueIdentifier>{36bc45e2-65ab-456f-8bf9-aa52f317a24e}</UniqueIdentifier>
      <Extensions>h;hpp;hxx;hm;inl</Extensions>
    </Filter>
    <Filter Include="Resource Files">
      <UniqueIdentifier>{36f7f6c6-6fae-4d3d-a44f-25cde9da5851}</UniqueIdentifier>
      <Extensions>ico;cur;bmp;dlg;rc2;rct;bin;rgs;gif;jpg;jpeg;jpe</Extensions>
    </Filter>
  </ItemGroup>
  <ItemGroup>
    <ClCompile Include="symbol.cpp">
      <Filter>Source Files</Filter>
    </ClCompile>
    <ClCompile Include="stack.cpp">
      <Filter>Source Files</Filter>
    </ClCompile>
    <ClCompile Include="scc.cpp">
      <Filter>Source Files</Filter>
    </ClCompile>
    <ClCompile Include="outpe.cpp">
      <Filter>Source Files</Filter>
    </ClCompile>
    <ClCompile Include="outcoff.cpp">
      <Filter>Source Files</Filter>
    </ClCompile>
    <ClCompile Include="operand.cpp">
      <Filter>Source Files</Filter>
    </ClCompile>
    <ClCompile Include="lex.cpp">
      <Filter>Source Files</Filter>
    </ClCompile>
    <ClCompile Include="grammar.cpp">
      <Filter>Source Files</Filter>
    </ClCompile>
    <ClCompile Include="gencode.cpp">
      <Filter>Source Files</Filter>
    </ClCompile>
    <ClCompile Include="error.cpp">
      <Filter>Source Files</Filter>
    </ClCompile>
    <ClCompile Include="dynstring.cpp">
      <Filter>Source Files</Filter>
    </ClCompile>
    <ClCompile Include="dynarray.cpp">
      <Filter>Source Files</Filter>
    </ClCompile>
    <ClCompile Include="slog.cpp">
      <Filter>Source Files</Filter>
    </ClCompile>
  </ItemGroup>
  <ItemGroup>
    <ClInclude Include="scc.h">
      <Filter>Header Files</Filter>
    </ClInclude>
    <ClInclude Include="slog.h">
      <Filter>Header Files</Filter>
    </ClInclude>
  </ItemGroup>
</Project>